
Microsoft Visual Studio Solution File, Format Version 12.00
# Visual Studio Version 16
VisualStudioVersion = 16.0.31424.327
MinimumVisualStudioVersion = 10.0.40219.1
Project("{FAE04EC0-301F-11D3-BF4B-00C04F79EFBC}") = "PagosAelucoop", "PagosAelucoop\PagosAelucoop.csproj", "{7794EA5A-1B72-498F-882F-23034DF099D1}"
EndProject
Global
	GlobalSection(SolutionConfigurationPlatforms) = preSolution
		Debug|Any CPU = Debug|Any CPU
		Release|Any CPU = Release|Any CPU
	EndGlobalSection
	GlobalSection(ProjectConfigurationPlatforms) = postSolution
		{7794EA5A-1B72-498F-882F-23034DF099D1}.Debug|Any CPU.ActiveCfg = Debug|Any CPU
		{7794EA5A-1B72-498F-882F-23034DF099D1}.Debug|Any CPU.Build.0 = Debug|Any CPU
		{7794EA5A-1B72-498F-882F-23034DF099D1}.Release|Any CPU.ActiveCfg = Release|Any CPU
		{7794EA5A-1B72-498F-882F-23034DF099D1}.Release|Any CPU.Build.0 = Release|Any CPU
	EndGlobalSection
	GlobalSection(SolutionProperties) = preSolution
		HideSolutionNode = FALSE
	EndGlobalSection
	GlobalSection(ExtensibilityGlobals) = postSolution
		SolutionGuid = {154905D9-8097-494A-8F5F-AEF945E6407D}
	EndGlobalSection
EndGlobal
